
Microsoft Visual Studio Solution File, Format Version 12.00
# Visual Studio Version 17
VisualStudioVersion = 17.0.31903.59
MinimumVisualStudioVersion = 10.0.40219.1
Project("{FAE04EC0-301F-11D3-BF4B-00C04F79EFBC}") = "DuelMasters.Engine", "src\DuelMasters.Engine\DuelMasters.Engine.csproj", "{11111111-1111-1111-1111-111111111111}"
EndProject
Project("{FAE04EC0-301F-11D3-BF4B-00C04F79EFBC}") = "DuelMasters.Cards", "src\DuelMasters.Cards\DuelMasters.Cards.csproj", "{22222222-2222-2222-2222-222222222222}"
EndProject
Project("{FAE04EC0-301F-11D3-BF4B-00C04F79EFBC}") = "DuelMasters.CLI", "src\DuelMasters.CLI\DuelMasters.CLI.csproj", "{33333333-3333-3333-3333-333333333333}"
EndProject
Project("{FAE04EC0-301F-11D3-BF4B-00C04F79EFBC}") = "DuelMasters.Tests", "tests\DuelMasters.Tests\DuelMasters.Tests.csproj", "{44444444-4444-4444-4444-444444444444}"
EndProject
Project("{2150E333-8FDC-42A3-9474-1A3956D46DE8}") = "src", "src", "{827E0CD3-B72D-47B6-A68D-7590B98EB39B}"
EndProject
Project("{FAE04EC0-301F-11D3-BF4B-00C04F79EFBC}") = "DMRules.Engine", "src\DMRules.Engine\DMRules.Engine.csproj", "{F6DDADD9-63CD-4144-B6F5-DB7092C304E7}"
EndProject
Project("{FAE04EC0-301F-11D3-BF4B-00C04F79EFBC}") = "DMRules.Tests", "tests\DMRules.Tests\DMRules.Tests.csproj", "{DAF28C50-74AD-AEAF-05A3-929B23A8BF57}"
EndProject
Project("{FAE04EC0-301F-11D3-BF4B-00C04F79EFBC}") = "DMRules.TraceReport", "src\DMRules.TraceReport\DMRules.TraceReport.csproj", "{7210F0AB-7570-AD4F-E8AE-8F22F04FDFB1}"
EndProject
Project("{FAE04EC0-301F-11D3-BF4B-00C04F79EFBC}") = "DMRules.DemoRun", "src\DMRules.DemoRun\DMRules.DemoRun.csproj", "{E6BE87F7-6087-EC8C-A563-FF47C89A3399}"
EndProject
Project("{FAE04EC0-301F-11D3-BF4B-00C04F79EFBC}") = "DMRules.Storage", "src\DMRules.Storage\DMRules.Storage.csproj", "{0D53ED52-B075-8DB0-1F73-4F16DCE53169}"
EndProject
Project("{FAE04EC0-301F-11D3-BF4B-00C04F79EFBC}") = "DMRules.Domain", "src\DMRules.Domain\DMRules.Domain.csproj", "{91112B8F-4418-4546-8218-472A437D4993}"
EndProject
Project("{2150E333-8FDC-42A3-9474-1A3956D46DE8}") = "tests", "tests", "{0AB3BF05-4346-4AA6-1389-037BE0695223}"
EndProject
Project("{FAE04EC0-301F-11D3-BF4B-00C04F79EFBC}") = "DMRules.Domain.Tests", "tests\DMRules.Domain.Tests\DMRules.Domain.Tests.csproj", "{6C2E5416-3160-4823-A593-08BA0A75A878}"
EndProject
Project("{FAE04EC0-301F-11D3-BF4B-00C04F79EFBC}") = "DMRules.Data", "src\DMRules.Data\DMRules.Data.csproj", "{F3ED5039-DFDE-10A3-7DCD-F1EF797EF51B}"
EndProject
Project("{FAE04EC0-301F-11D3-BF4B-00C04F79EFBC}") = "DMRules.Trace", "src\DMRules.Trace\DMRules.Trace.csproj", "{91B20D58-269A-47D2-A9D8-83B9BA67D85E}"
EndProject
Project("{FAE04EC0-301F-11D3-BF4B-00C04F79EFBC}") = "ReplayRunner", "tools\ReplayRunner\ReplayRunner.csproj", "{48ED01C3-B044-1D8F-D19F-FE78F3841B55}"
EndProject
Project("{FAE04EC0-301F-11D3-BF4B-00C04F79EFBC}") = "TraceDiff", "tools\TraceDiff\TraceDiff.csproj", "{E144966A-27B9-6EBD-FE14-CFECC4B3C56F}"
EndProject
Project("{FAE04EC0-301F-11D3-BF4B-00C04F79EFBC}") = "DbToAst", "tools\DbToAst\DbToAst.csproj", "{853FD585-53D9-8AF5-A154-B628E72FCD26}"
EndProject
Project("{FAE04EC0-301F-11D3-BF4B-00C04F79EFBC}") = "RegulationAdapter", "src\RegulationAdapter\RegulationAdapter.csproj", "{1F778E32-EB41-4D9C-9B47-1E1067EC76ED}"
EndProject
Project("{FAE04EC0-301F-11D3-BF4B-00C04F79EFBC}") = "DMRules.Effects", "src\DMRules.Effects\DMRules.Effects.csproj", "{7EC3928D-EB97-4A4C-920C-7097E68A992F}"
EndProject
Project("{FAE04EC0-301F-11D3-BF4B-00C04F79EFBC}") = "DMRules.Effects.Tests", "tests\DMRules.Effects.Tests\DMRules.Effects.Tests.csproj", "{302456EA-3D7A-42B2-B032-ED6AE8E3E5E2}"
EndProject
Project("{FAE04EC0-301F-11D3-BF4B-00C04F79EFBC}") = "DMRules.Effects.Bridge", "src\DMRules.Effects.Bridge\DMRules.Effects.Bridge.csproj", "{C8D9803C-72D8-44F5-B035-0D0EA3945FC5}"
EndProject
Project("{FAE04EC0-301F-11D3-BF4B-00C04F79EFBC}") = "DMRules.Effects.Bridge.Tests", "tests\DMRules.Effects.Bridge.Tests\DMRules.Effects.Bridge.Tests.csproj", "{F858C588-CB09-4E96-B423-FFD6A193EBF1}"
EndProject
Project("{FAE04EC0-301F-11D3-BF4B-00C04F79EFBC}") = "DMRules.Effects.Text", "src\DMRules.Effects.Text\DMRules.Effects.Text.csproj", "{43C3A488-83E9-492D-9E54-6BDCB9EA7970}"
EndProject
Project("{FAE04EC0-301F-11D3-BF4B-00C04F79EFBC}") = "DMRules.Effects.Text.Tests", "tests\DMRules.Effects.Text.Tests\DMRules.Effects.Text.Tests.csproj", "{DC8EA81C-73FB-46A3-AC2B-5FBA54FB86EF}"
EndProject
Project("{FAE04EC0-301F-11D3-BF4B-00C04F79EFBC}") = "DMRules.Effects.Trace", "src\DMRules.Effects.Trace\DMRules.Effects.Trace.csproj", "{ACEF1AEF-8CF3-4C7E-8902-A9619F380568}"
EndProject
Project("{FAE04EC0-301F-11D3-BF4B-00C04F79EFBC}") = "DMRules.Effects.Trace.Tests", "tests\DMRules.Effects.Trace.Tests\DMRules.Effects.Trace.Tests.csproj", "{83C01DA2-24EE-41F5-B7E9-D48EC47ADB80}"
EndProject
Global
	GlobalSection(SolutionConfigurationPlatforms) = preSolution
		Debug|Any CPU = Debug|Any CPU
		Debug|x64 = Debug|x64
		Debug|x86 = Debug|x86
		Release|Any CPU = Release|Any CPU
		Release|x64 = Release|x64
		Release|x86 = Release|x86
	EndGlobalSection
	GlobalSection(ProjectConfigurationPlatforms) = postSolution
		{11111111-1111-1111-1111-111111111111}.Debug|Any CPU.ActiveCfg = Debug|Any CPU
		{11111111-1111-1111-1111-111111111111}.Debug|Any CPU.Build.0 = Debug|Any CPU
		{11111111-1111-1111-1111-111111111111}.Debug|x64.ActiveCfg = Debug|Any CPU
		{11111111-1111-1111-1111-111111111111}.Debug|x64.Build.0 = Debug|Any CPU
		{11111111-1111-1111-1111-111111111111}.Debug|x86.ActiveCfg = Debug|Any CPU
		{11111111-1111-1111-1111-111111111111}.Debug|x86.Build.0 = Debug|Any CPU
		{11111111-1111-1111-1111-111111111111}.Release|Any CPU.ActiveCfg = Release|Any CPU
		{11111111-1111-1111-1111-111111111111}.Release|Any CPU.Build.0 = Release|Any CPU
		{11111111-1111-1111-1111-111111111111}.Release|x64.ActiveCfg = Release|Any CPU
		{11111111-1111-1111-1111-111111111111}.Release|x64.Build.0 = Release|Any CPU
		{11111111-1111-1111-1111-111111111111}.Release|x86.ActiveCfg = Release|Any CPU
		{11111111-1111-1111-1111-111111111111}.Release|x86.Build.0 = Release|Any CPU
		{22222222-2222-2222-2222-222222222222}.Debug|Any CPU.ActiveCfg = Debug|Any CPU
		{22222222-2222-2222-2222-222222222222}.Debug|Any CPU.Build.0 = Debug|Any CPU
		{22222222-2222-2222-2222-222222222222}.Debug|x64.ActiveCfg = Debug|Any CPU
		{22222222-2222-2222-2222-222222222222}.Debug|x64.Build.0 = Debug|Any CPU
		{22222222-2222-2222-2222-222222222222}.Debug|x86.ActiveCfg = Debug|Any CPU
		{22222222-2222-2222-2222-222222222222}.Debug|x86.Build.0 = Debug|Any CPU
		{22222222-2222-2222-2222-222222222222}.Release|Any CPU.ActiveCfg = Release|Any CPU
		{22222222-2222-2222-2222-222222222222}.Release|Any CPU.Build.0 = Release|Any CPU
		{22222222-2222-2222-2222-222222222222}.Release|x64.ActiveCfg = Release|Any CPU
		{22222222-2222-2222-2222-222222222222}.Release|x64.Build.0 = Release|Any CPU
		{22222222-2222-2222-2222-222222222222}.Release|x86.ActiveCfg = Release|Any CPU
		{22222222-2222-2222-2222-222222222222}.Release|x86.Build.0 = Release|Any CPU
		{33333333-3333-3333-3333-333333333333}.Debug|Any CPU.ActiveCfg = Debug|Any CPU
		{33333333-3333-3333-3333-333333333333}.Debug|Any CPU.Build.0 = Debug|Any CPU
		{33333333-3333-3333-3333-333333333333}.Debug|x64.ActiveCfg = Debug|Any CPU
		{33333333-3333-3333-3333-333333333333}.Debug|x64.Build.0 = Debug|Any CPU
		{33333333-3333-3333-3333-333333333333}.Debug|x86.ActiveCfg = Debug|Any CPU
		{33333333-3333-3333-3333-333333333333}.Debug|x86.Build.0 = Debug|Any CPU
		{33333333-3333-3333-3333-333333333333}.Release|Any CPU.ActiveCfg = Release|Any CPU
		{33333333-3333-3333-3333-333333333333}.Release|Any CPU.Build.0 = Release|Any CPU
		{33333333-3333-3333-3333-333333333333}.Release|x64.ActiveCfg = Release|Any CPU
		{33333333-3333-3333-3333-333333333333}.Release|x64.Build.0 = Release|Any CPU
		{33333333-3333-3333-3333-333333333333}.Release|x86.ActiveCfg = Release|Any CPU
		{33333333-3333-3333-3333-333333333333}.Release|x86.Build.0 = Release|Any CPU
		{44444444-4444-4444-4444-444444444444}.Debug|Any CPU.ActiveCfg = Debug|Any CPU
		{44444444-4444-4444-4444-444444444444}.Debug|Any CPU.Build.0 = Debug|Any CPU
		{44444444-4444-4444-4444-444444444444}.Debug|x64.ActiveCfg = Debug|Any CPU
		{44444444-4444-4444-4444-444444444444}.Debug|x64.Build.0 = Debug|Any CPU
		{44444444-4444-4444-4444-444444444444}.Debug|x86.ActiveCfg = Debug|Any CPU
		{44444444-4444-4444-4444-444444444444}.Debug|x86.Build.0 = Debug|Any CPU
		{44444444-4444-4444-4444-444444444444}.Release|Any CPU.ActiveCfg = Release|Any CPU
		{44444444-4444-4444-4444-444444444444}.Release|Any CPU.Build.0 = Release|Any CPU
		{44444444-4444-4444-4444-444444444444}.Release|x64.ActiveCfg = Release|Any CPU
		{44444444-4444-4444-4444-444444444444}.Release|x64.Build.0 = Release|Any CPU
		{44444444-4444-4444-4444-444444444444}.Release|x86.ActiveCfg = Release|Any CPU
		{44444444-4444-4444-4444-444444444444}.Release|x86.Build.0 = Release|Any CPU
		{F6DDADD9-63CD-4144-B6F5-DB7092C304E7}.Debug|Any CPU.ActiveCfg = Debug|Any CPU
		{F6DDADD9-63CD-4144-B6F5-DB7092C304E7}.Debug|Any CPU.Build.0 = Debug|Any CPU
		{F6DDADD9-63CD-4144-B6F5-DB7092C304E7}.Debug|x64.ActiveCfg = Debug|Any CPU
		{F6DDADD9-63CD-4144-B6F5-DB7092C304E7}.Debug|x64.Build.0 = Debug|Any CPU
		{F6DDADD9-63CD-4144-B6F5-DB7092C304E7}.Debug|x86.ActiveCfg = Debug|Any CPU
		{F6DDADD9-63CD-4144-B6F5-DB7092C304E7}.Debug|x86.Build.0 = Debug|Any CPU
		{F6DDADD9-63CD-4144-B6F5-DB7092C304E7}.Release|Any CPU.ActiveCfg = Release|Any CPU
		{F6DDADD9-63CD-4144-B6F5-DB7092C304E7}.Release|Any CPU.Build.0 = Release|Any CPU
		{F6DDADD9-63CD-4144-B6F5-DB7092C304E7}.Release|x64.ActiveCfg = Release|Any CPU
		{F6DDADD9-63CD-4144-B6F5-DB7092C304E7}.Release|x64.Build.0 = Release|Any CPU
		{F6DDADD9-63CD-4144-B6F5-DB7092C304E7}.Release|x86.ActiveCfg = Release|Any CPU
		{F6DDADD9-63CD-4144-B6F5-DB7092C304E7}.Release|x86.Build.0 = Release|Any CPU
		{DAF28C50-74AD-AEAF-05A3-929B23A8BF57}.Debug|Any CPU.ActiveCfg = Debug|Any CPU
		{DAF28C50-74AD-AEAF-05A3-929B23A8BF57}.Debug|Any CPU.Build.0 = Debug|Any CPU
		{DAF28C50-74AD-AEAF-05A3-929B23A8BF57}.Debug|x64.ActiveCfg = Debug|Any CPU
		{DAF28C50-74AD-AEAF-05A3-929B23A8BF57}.Debug|x64.Build.0 = Debug|Any CPU
		{DAF28C50-74AD-AEAF-05A3-929B23A8BF57}.Debug|x86.ActiveCfg = Debug|Any CPU
		{DAF28C50-74AD-AEAF-05A3-929B23A8BF57}.Debug|x86.Build.0 = Debug|Any CPU
		{DAF28C50-74AD-AEAF-05A3-929B23A8BF57}.Release|Any CPU.ActiveCfg = Release|Any CPU
		{DAF28C50-74AD-AEAF-05A3-929B23A8BF57}.Release|Any CPU.Build.0 = Release|Any CPU
		{DAF28C50-74AD-AEAF-05A3-929B23A8BF57}.Release|x64.ActiveCfg = Release|Any CPU
		{DAF28C50-74AD-AEAF-05A3-929B23A8BF57}.Release|x64.Build.0 = Release|Any CPU
		{DAF28C50-74AD-AEAF-05A3-929B23A8BF57}.Release|x86.ActiveCfg = Release|Any CPU
		{DAF28C50-74AD-AEAF-05A3-929B23A8BF57}.Release|x86.Build.0 = Release|Any CPU
		{7210F0AB-7570-AD4F-E8AE-8F22F04FDFB1}.Debug|Any CPU.ActiveCfg = Debug|Any CPU
		{7210F0AB-7570-AD4F-E8AE-8F22F04FDFB1}.Debug|Any CPU.Build.0 = Debug|Any CPU
		{7210F0AB-7570-AD4F-E8AE-8F22F04FDFB1}.Debug|x64.ActiveCfg = Debug|Any CPU
		{7210F0AB-7570-AD4F-E8AE-8F22F04FDFB1}.Debug|x64.Build.0 = Debug|Any CPU
		{7210F0AB-7570-AD4F-E8AE-8F22F04FDFB1}.Debug|x86.ActiveCfg = Debug|Any CPU
		{7210F0AB-7570-AD4F-E8AE-8F22F04FDFB1}.Debug|x86.Build.0 = Debug|Any CPU
		{7210F0AB-7570-AD4F-E8AE-8F22F04FDFB1}.Release|Any CPU.ActiveCfg = Release|Any CPU
		{7210F0AB-7570-AD4F-E8AE-8F22F04FDFB1}.Release|Any CPU.Build.0 = Release|Any CPU
		{7210F0AB-7570-AD4F-E8AE-8F22F04FDFB1}.Release|x64.ActiveCfg = Release|Any CPU
		{7210F0AB-7570-AD4F-E8AE-8F22F04FDFB1}.Release|x64.Build.0 = Release|Any CPU
		{7210F0AB-7570-AD4F-E8AE-8F22F04FDFB1}.Release|x86.ActiveCfg = Release|Any CPU
		{7210F0AB-7570-AD4F-E8AE-8F22F04FDFB1}.Release|x86.Build.0 = Release|Any CPU
		{E6BE87F7-6087-EC8C-A563-FF47C89A3399}.Debug|Any CPU.ActiveCfg = Debug|Any CPU
		{E6BE87F7-6087-EC8C-A563-FF47C89A3399}.Debug|Any CPU.Build.0 = Debug|Any CPU
		{E6BE87F7-6087-EC8C-A563-FF47C89A3399}.Debug|x64.ActiveCfg = Debug|Any CPU
		{E6BE87F7-6087-EC8C-A563-FF47C89A3399}.Debug|x64.Build.0 = Debug|Any CPU
		{E6BE87F7-6087-EC8C-A563-FF47C89A3399}.Debug|x86.ActiveCfg = Debug|Any CPU
		{E6BE87F7-6087-EC8C-A563-FF47C89A3399}.Debug|x86.Build.0 = Debug|Any CPU
		{E6BE87F7-6087-EC8C-A563-FF47C89A3399}.Release|Any CPU.ActiveCfg = Release|Any CPU
		{E6BE87F7-6087-EC8C-A563-FF47C89A3399}.Release|Any CPU.Build.0 = Release|Any CPU
		{E6BE87F7-6087-EC8C-A563-FF47C89A3399}.Release|x64.ActiveCfg = Release|Any CPU
		{E6BE87F7-6087-EC8C-A563-FF47C89A3399}.Release|x64.Build.0 = Release|Any CPU
		{E6BE87F7-6087-EC8C-A563-FF47C89A3399}.Release|x86.ActiveCfg = Release|Any CPU
		{E6BE87F7-6087-EC8C-A563-FF47C89A3399}.Release|x86.Build.0 = Release|Any CPU
		{0D53ED52-B075-8DB0-1F73-4F16DCE53169}.Debug|Any CPU.ActiveCfg = Debug|Any CPU
		{0D53ED52-B075-8DB0-1F73-4F16DCE53169}.Debug|Any CPU.Build.0 = Debug|Any CPU
		{0D53ED52-B075-8DB0-1F73-4F16DCE53169}.Debug|x64.ActiveCfg = Debug|Any CPU
		{0D53ED52-B075-8DB0-1F73-4F16DCE53169}.Debug|x64.Build.0 = Debug|Any CPU
		{0D53ED52-B075-8DB0-1F73-4F16DCE53169}.Debug|x86.ActiveCfg = Debug|Any CPU
		{0D53ED52-B075-8DB0-1F73-4F16DCE53169}.Debug|x86.Build.0 = Debug|Any CPU
		{0D53ED52-B075-8DB0-1F73-4F16DCE53169}.Release|Any CPU.ActiveCfg = Release|Any CPU
		{0D53ED52-B075-8DB0-1F73-4F16DCE53169}.Release|Any CPU.Build.0 = Release|Any CPU
		{0D53ED52-B075-8DB0-1F73-4F16DCE53169}.Release|x64.ActiveCfg = Release|Any CPU
		{0D53ED52-B075-8DB0-1F73-4F16DCE53169}.Release|x64.Build.0 = Release|Any CPU
		{0D53ED52-B075-8DB0-1F73-4F16DCE53169}.Release|x86.ActiveCfg = Release|Any CPU
		{0D53ED52-B075-8DB0-1F73-4F16DCE53169}.Release|x86.Build.0 = Release|Any CPU
		{91112B8F-4418-4546-8218-472A437D4993}.Debug|Any CPU.ActiveCfg = Debug|Any CPU
		{91112B8F-4418-4546-8218-472A437D4993}.Debug|Any CPU.Build.0 = Debug|Any CPU
		{91112B8F-4418-4546-8218-472A437D4993}.Debug|x64.ActiveCfg = Debug|Any CPU
		{91112B8F-4418-4546-8218-472A437D4993}.Debug|x64.Build.0 = Debug|Any CPU
		{91112B8F-4418-4546-8218-472A437D4993}.Debug|x86.ActiveCfg = Debug|Any CPU
		{91112B8F-4418-4546-8218-472A437D4993}.Debug|x86.Build.0 = Debug|Any CPU
		{91112B8F-4418-4546-8218-472A437D4993}.Release|Any CPU.ActiveCfg = Release|Any CPU
		{91112B8F-4418-4546-8218-472A437D4993}.Release|Any CPU.Build.0 = Release|Any CPU
		{91112B8F-4418-4546-8218-472A437D4993}.Release|x64.ActiveCfg = Release|Any CPU
		{91112B8F-4418-4546-8218-472A437D4993}.Release|x64.Build.0 = Release|Any CPU
		{91112B8F-4418-4546-8218-472A437D4993}.Release|x86.ActiveCfg = Release|Any CPU
		{91112B8F-4418-4546-8218-472A437D4993}.Release|x86.Build.0 = Release|Any CPU
		{6C2E5416-3160-4823-A593-08BA0A75A878}.Debug|Any CPU.ActiveCfg = Debug|Any CPU
		{6C2E5416-3160-4823-A593-08BA0A75A878}.Debug|Any CPU.Build.0 = Debug|Any CPU
		{6C2E5416-3160-4823-A593-08BA0A75A878}.Debug|x64.ActiveCfg = Debug|Any CPU
		{6C2E5416-3160-4823-A593-08BA0A75A878}.Debug|x64.Build.0 = Debug|Any CPU
		{6C2E5416-3160-4823-A593-08BA0A75A878}.Debug|x86.ActiveCfg = Debug|Any CPU
		{6C2E5416-3160-4823-A593-08BA0A75A878}.Debug|x86.Build.0 = Debug|Any CPU
		{6C2E5416-3160-4823-A593-08BA0A75A878}.Release|Any CPU.ActiveCfg = Release|Any CPU
		{6C2E5416-3160-4823-A593-08BA0A75A878}.Release|Any CPU.Build.0 = Release|Any CPU
		{6C2E5416-3160-4823-A593-08BA0A75A878}.Release|x64.ActiveCfg = Release|Any CPU
		{6C2E5416-3160-4823-A593-08BA0A75A878}.Release|x64.Build.0 = Release|Any CPU
		{6C2E5416-3160-4823-A593-08BA0A75A878}.Release|x86.ActiveCfg = Release|Any CPU
		{6C2E5416-3160-4823-A593-08BA0A75A878}.Release|x86.Build.0 = Release|Any CPU
		{F3ED5039-DFDE-10A3-7DCD-F1EF797EF51B}.Debug|Any CPU.ActiveCfg = Debug|Any CPU
		{F3ED5039-DFDE-10A3-7DCD-F1EF797EF51B}.Debug|Any CPU.Build.0 = Debug|Any CPU
		{F3ED5039-DFDE-10A3-7DCD-F1EF797EF51B}.Debug|x64.ActiveCfg = Debug|Any CPU
		{F3ED5039-DFDE-10A3-7DCD-F1EF797EF51B}.Debug|x64.Build.0 = Debug|Any CPU
		{F3ED5039-DFDE-10A3-7DCD-F1EF797EF51B}.Debug|x86.ActiveCfg = Debug|Any CPU
		{F3ED5039-DFDE-10A3-7DCD-F1EF797EF51B}.Debug|x86.Build.0 = Debug|Any CPU
		{F3ED5039-DFDE-10A3-7DCD-F1EF797EF51B}.Release|Any CPU.ActiveCfg = Release|Any CPU
		{F3ED5039-DFDE-10A3-7DCD-F1EF797EF51B}.Release|Any CPU.Build.0 = Release|Any CPU
		{F3ED5039-DFDE-10A3-7DCD-F1EF797EF51B}.Release|x64.ActiveCfg = Release|Any CPU
		{F3ED5039-DFDE-10A3-7DCD-F1EF797EF51B}.Release|x64.Build.0 = Release|Any CPU
		{F3ED5039-DFDE-10A3-7DCD-F1EF797EF51B}.Release|x86.ActiveCfg = Release|Any CPU
		{F3ED5039-DFDE-10A3-7DCD-F1EF797EF51B}.Release|x86.Build.0 = Release|Any CPU
		{91B20D58-269A-47D2-A9D8-83B9BA67D85E}.Debug|Any CPU.ActiveCfg = Debug|Any CPU
		{91B20D58-269A-47D2-A9D8-83B9BA67D85E}.Debug|Any CPU.Build.0 = Debug|Any CPU
		{91B20D58-269A-47D2-A9D8-83B9BA67D85E}.Debug|x64.ActiveCfg = Debug|Any CPU
		{91B20D58-269A-47D2-A9D8-83B9BA67D85E}.Debug|x64.Build.0 = Debug|Any CPU
		{91B20D58-269A-47D2-A9D8-83B9BA67D85E}.Debug|x86.ActiveCfg = Debug|Any CPU
		{91B20D58-269A-47D2-A9D8-83B9BA67D85E}.Debug|x86.Build.0 = Debug|Any CPU
		{91B20D58-269A-47D2-A9D8-83B9BA67D85E}.Release|Any CPU.ActiveCfg = Release|Any CPU
		{91B20D58-269A-47D2-A9D8-83B9BA67D85E}.Release|Any CPU.Build.0 = Release|Any CPU
		{91B20D58-269A-47D2-A9D8-83B9BA67D85E}.Release|x64.ActiveCfg = Release|Any CPU
		{91B20D58-269A-47D2-A9D8-83B9BA67D85E}.Release|x64.Build.0 = Release|Any CPU
		{91B20D58-269A-47D2-A9D8-83B9BA67D85E}.Release|x86.ActiveCfg = Release|Any CPU
		{91B20D58-269A-47D2-A9D8-83B9BA67D85E}.Release|x86.Build.0 = Release|Any CPU
		{48ED01C3-B044-1D8F-D19F-FE78F3841B55}.Debug|Any CPU.ActiveCfg = Debug|Any CPU
		{48ED01C3-B044-1D8F-D19F-FE78F3841B55}.Debug|Any CPU.Build.0 = Debug|Any CPU
		{48ED01C3-B044-1D8F-D19F-FE78F3841B55}.Debug|x64.ActiveCfg = Debug|Any CPU
		{48ED01C3-B044-1D8F-D19F-FE78F3841B55}.Debug|x64.Build.0 = Debug|Any CPU
		{48ED01C3-B044-1D8F-D19F-FE78F3841B55}.Debug|x86.ActiveCfg = Debug|Any CPU
		{48ED01C3-B044-1D8F-D19F-FE78F3841B55}.Debug|x86.Build.0 = Debug|Any CPU
		{48ED01C3-B044-1D8F-D19F-FE78F3841B55}.Release|Any CPU.ActiveCfg = Release|Any CPU
		{48ED01C3-B044-1D8F-D19F-FE78F3841B55}.Release|Any CPU.Build.0 = Release|Any CPU
		{48ED01C3-B044-1D8F-D19F-FE78F3841B55}.Release|x64.ActiveCfg = Release|Any CPU
		{48ED01C3-B044-1D8F-D19F-FE78F3841B55}.Release|x64.Build.0 = Release|Any CPU
		{48ED01C3-B044-1D8F-D19F-FE78F3841B55}.Release|x86.ActiveCfg = Release|Any CPU
		{48ED01C3-B044-1D8F-D19F-FE78F3841B55}.Release|x86.Build.0 = Release|Any CPU
		{E144966A-27B9-6EBD-FE14-CFECC4B3C56F}.Debug|Any CPU.ActiveCfg = Debug|Any CPU
		{E144966A-27B9-6EBD-FE14-CFECC4B3C56F}.Debug|Any CPU.Build.0 = Debug|Any CPU
		{E144966A-27B9-6EBD-FE14-CFECC4B3C56F}.Debug|x64.ActiveCfg = Debug|Any CPU
		{E144966A-27B9-6EBD-FE14-CFECC4B3C56F}.Debug|x64.Build.0 = Debug|Any CPU
		{E144966A-27B9-6EBD-FE14-CFECC4B3C56F}.Debug|x86.ActiveCfg = Debug|Any CPU
		{E144966A-27B9-6EBD-FE14-CFECC4B3C56F}.Debug|x86.Build.0 = Debug|Any CPU
		{E144966A-27B9-6EBD-FE14-CFECC4B3C56F}.Release|Any CPU.ActiveCfg = Release|Any CPU
		{E144966A-27B9-6EBD-FE14-CFECC4B3C56F}.Release|Any CPU.Build.0 = Release|Any CPU
		{E144966A-27B9-6EBD-FE14-CFECC4B3C56F}.Release|x64.ActiveCfg = Release|Any CPU
		{E144966A-27B9-6EBD-FE14-CFECC4B3C56F}.Release|x64.Build.0 = Release|Any CPU
		{E144966A-27B9-6EBD-FE14-CFECC4B3C56F}.Release|x86.ActiveCfg = Release|Any CPU
		{E144966A-27B9-6EBD-FE14-CFECC4B3C56F}.Release|x86.Build.0 = Release|Any CPU
		{853FD585-53D9-8AF5-A154-B628E72FCD26}.Debug|Any CPU.ActiveCfg = Debug|Any CPU
		{853FD585-53D9-8AF5-A154-B628E72FCD26}.Debug|Any CPU.Build.0 = Debug|Any CPU
		{853FD585-53D9-8AF5-A154-B628E72FCD26}.Debug|x64.ActiveCfg = Debug|Any CPU
		{853FD585-53D9-8AF5-A154-B628E72FCD26}.Debug|x64.Build.0 = Debug|Any CPU
		{853FD585-53D9-8AF5-A154-B628E72FCD26}.Debug|x86.ActiveCfg = Debug|Any CPU
		{853FD585-53D9-8AF5-A154-B628E72FCD26}.Debug|x86.Build.0 = Debug|Any CPU
		{853FD585-53D9-8AF5-A154-B628E72FCD26}.Release|Any CPU.ActiveCfg = Release|Any CPU
		{853FD585-53D9-8AF5-A154-B628E72FCD26}.Release|Any CPU.Build.0 = Release|Any CPU
		{853FD585-53D9-8AF5-A154-B628E72FCD26}.Release|x64.ActiveCfg = Release|Any CPU
		{853FD585-53D9-8AF5-A154-B628E72FCD26}.Release|x64.Build.0 = Release|Any CPU
		{853FD585-53D9-8AF5-A154-B628E72FCD26}.Release|x86.ActiveCfg = Release|Any CPU
		{853FD585-53D9-8AF5-A154-B628E72FCD26}.Release|x86.Build.0 = Release|Any CPU
		{1F778E32-EB41-4D9C-9B47-1E1067EC76ED}.Debug|Any CPU.ActiveCfg = Debug|Any CPU
		{1F778E32-EB41-4D9C-9B47-1E1067EC76ED}.Debug|Any CPU.Build.0 = Debug|Any CPU
		{1F778E32-EB41-4D9C-9B47-1E1067EC76ED}.Debug|x64.ActiveCfg = Debug|Any CPU
		{1F778E32-EB41-4D9C-9B47-1E1067EC76ED}.Debug|x64.Build.0 = Debug|Any CPU
		{1F778E32-EB41-4D9C-9B47-1E1067EC76ED}.Debug|x86.ActiveCfg = Debug|Any CPU
		{1F778E32-EB41-4D9C-9B47-1E1067EC76ED}.Debug|x86.Build.0 = Debug|Any CPU
		{1F778E32-EB41-4D9C-9B47-1E1067EC76ED}.Release|Any CPU.ActiveCfg = Release|Any CPU
		{1F778E32-EB41-4D9C-9B47-1E1067EC76ED}.Release|Any CPU.Build.0 = Release|Any CPU
		{1F778E32-EB41-4D9C-9B47-1E1067EC76ED}.Release|x64.ActiveCfg = Release|Any CPU
		{1F778E32-EB41-4D9C-9B47-1E1067EC76ED}.Release|x64.Build.0 = Release|Any CPU
		{1F778E32-EB41-4D9C-9B47-1E1067EC76ED}.Release|x86.ActiveCfg = Release|Any CPU
		{1F778E32-EB41-4D9C-9B47-1E1067EC76ED}.Release|x86.Build.0 = Release|Any CPU
		{7EC3928D-EB97-4A4C-920C-7097E68A992F}.Debug|Any CPU.ActiveCfg = Debug|Any CPU
		{7EC3928D-EB97-4A4C-920C-7097E68A992F}.Debug|Any CPU.Build.0 = Debug|Any CPU
		{7EC3928D-EB97-4A4C-920C-7097E68A992F}.Debug|x64.ActiveCfg = Debug|Any CPU
		{7EC3928D-EB97-4A4C-920C-7097E68A992F}.Debug|x64.Build.0 = Debug|Any CPU
		{7EC3928D-EB97-4A4C-920C-7097E68A992F}.Debug|x86.ActiveCfg = Debug|Any CPU
		{7EC3928D-EB97-4A4C-920C-7097E68A992F}.Debug|x86.Build.0 = Debug|Any CPU
		{7EC3928D-EB97-4A4C-920C-7097E68A992F}.Release|Any CPU.ActiveCfg = Release|Any CPU
		{7EC3928D-EB97-4A4C-920C-7097E68A992F}.Release|Any CPU.Build.0 = Release|Any CPU
		{7EC3928D-EB97-4A4C-920C-7097E68A992F}.Release|x64.ActiveCfg = Release|Any CPU
		{7EC3928D-EB97-4A4C-920C-7097E68A992F}.Release|x64.Build.0 = Release|Any CPU
		{7EC3928D-EB97-4A4C-920C-7097E68A992F}.Release|x86.ActiveCfg = Release|Any CPU
		{7EC3928D-EB97-4A4C-920C-7097E68A992F}.Release|x86.Build.0 = Release|Any CPU
		{302456EA-3D7A-42B2-B032-ED6AE8E3E5E2}.Debug|Any CPU.ActiveCfg = Debug|Any CPU
		{302456EA-3D7A-42B2-B032-ED6AE8E3E5E2}.Debug|Any CPU.Build.0 = Debug|Any CPU
		{302456EA-3D7A-42B2-B032-ED6AE8E3E5E2}.Debug|x64.ActiveCfg = Debug|Any CPU
		{302456EA-3D7A-42B2-B032-ED6AE8E3E5E2}.Debug|x64.Build.0 = Debug|Any CPU
		{302456EA-3D7A-42B2-B032-ED6AE8E3E5E2}.Debug|x86.ActiveCfg = Debug|Any CPU
		{302456EA-3D7A-42B2-B032-ED6AE8E3E5E2}.Debug|x86.Build.0 = Debug|Any CPU
		{302456EA-3D7A-42B2-B032-ED6AE8E3E5E2}.Release|Any CPU.ActiveCfg = Release|Any CPU
		{302456EA-3D7A-42B2-B032-ED6AE8E3E5E2}.Release|Any CPU.Build.0 = Release|Any CPU
		{302456EA-3D7A-42B2-B032-ED6AE8E3E5E2}.Release|x64.ActiveCfg = Release|Any CPU
		{302456EA-3D7A-42B2-B032-ED6AE8E3E5E2}.Release|x64.Build.0 = Release|Any CPU
		{302456EA-3D7A-42B2-B032-ED6AE8E3E5E2}.Release|x86.ActiveCfg = Release|Any CPU
		{302456EA-3D7A-42B2-B032-ED6AE8E3E5E2}.Release|x86.Build.0 = Release|Any CPU
		{C8D9803C-72D8-44F5-B035-0D0EA3945FC5}.Debug|Any CPU.ActiveCfg = Debug|Any CPU
		{C8D9803C-72D8-44F5-B035-0D0EA3945FC5}.Debug|Any CPU.Build.0 = Debug|Any CPU
		{C8D9803C-72D8-44F5-B035-0D0EA3945FC5}.Debug|x64.ActiveCfg = Debug|Any CPU
		{C8D9803C-72D8-44F5-B035-0D0EA3945FC5}.Debug|x64.Build.0 = Debug|Any CPU
		{C8D9803C-72D8-44F5-B035-0D0EA3945FC5}.Debug|x86.ActiveCfg = Debug|Any CPU
		{C8D9803C-72D8-44F5-B035-0D0EA3945FC5}.Debug|x86.Build.0 = Debug|Any CPU
		{C8D9803C-72D8-44F5-B035-0D0EA3945FC5}.Release|Any CPU.ActiveCfg = Release|Any CPU
		{C8D9803C-72D8-44F5-B035-0D0EA3945FC5}.Release|Any CPU.Build.0 = Release|Any CPU
		{C8D9803C-72D8-44F5-B035-0D0EA3945FC5}.Release|x64.ActiveCfg = Release|Any CPU
		{C8D9803C-72D8-44F5-B035-0D0EA3945FC5}.Release|x64.Build.0 = Release|Any CPU
		{C8D9803C-72D8-44F5-B035-0D0EA3945FC5}.Release|x86.ActiveCfg = Release|Any CPU
		{C8D9803C-72D8-44F5-B035-0D0EA3945FC5}.Release|x86.Build.0 = Release|Any CPU
		{F858C588-CB09-4E96-B423-FFD6A193EBF1}.Debug|Any CPU.ActiveCfg = Debug|Any CPU
		{F858C588-CB09-4E96-B423-FFD6A193EBF1}.Debug|Any CPU.Build.0 = Debug|Any CPU
		{F858C588-CB09-4E96-B423-FFD6A193EBF1}.Debug|x64.ActiveCfg = Debug|Any CPU
		{F858C588-CB09-4E96-B423-FFD6A193EBF1}.Debug|x64.Build.0 = Debug|Any CPU
		{F858C588-CB09-4E96-B423-FFD6A193EBF1}.Debug|x86.ActiveCfg = Debug|Any CPU
		{F858C588-CB09-4E96-B423-FFD6A193EBF1}.Debug|x86.Build.0 = Debug|Any CPU
		{F858C588-CB09-4E96-B423-FFD6A193EBF1}.Release|Any CPU.ActiveCfg = Release|Any CPU
		{F858C588-CB09-4E96-B423-FFD6A193EBF1}.Release|Any CPU.Build.0 = Release|Any CPU
		{F858C588-CB09-4E96-B423-FFD6A193EBF1}.Release|x64.ActiveCfg = Release|Any CPU
		{F858C588-CB09-4E96-B423-FFD6A193EBF1}.Release|x64.Build.0 = Release|Any CPU
		{F858C588-CB09-4E96-B423-FFD6A193EBF1}.Release|x86.ActiveCfg = Release|Any CPU
		{F858C588-CB09-4E96-B423-FFD6A193EBF1}.Release|x86.Build.0 = Release|Any CPU
		{43C3A488-83E9-492D-9E54-6BDCB9EA7970}.Debug|Any CPU.ActiveCfg = Debug|Any CPU
		{43C3A488-83E9-492D-9E54-6BDCB9EA7970}.Debug|Any CPU.Build.0 = Debug|Any CPU
		{43C3A488-83E9-492D-9E54-6BDCB9EA7970}.Debug|x64.ActiveCfg = Debug|Any CPU
		{43C3A488-83E9-492D-9E54-6BDCB9EA7970}.Debug|x64.Build.0 = Debug|Any CPU
		{43C3A488-83E9-492D-9E54-6BDCB9EA7970}.Debug|x86.ActiveCfg = Debug|Any CPU
		{43C3A488-83E9-492D-9E54-6BDCB9EA7970}.Debug|x86.Build.0 = Debug|Any CPU
		{43C3A488-83E9-492D-9E54-6BDCB9EA7970}.Release|Any CPU.ActiveCfg = Release|Any CPU
		{43C3A488-83E9-492D-9E54-6BDCB9EA7970}.Release|Any CPU.Build.0 = Release|Any CPU
		{43C3A488-83E9-492D-9E54-6BDCB9EA7970}.Release|x64.ActiveCfg = Release|Any CPU
		{43C3A488-83E9-492D-9E54-6BDCB9EA7970}.Release|x64.Build.0 = Release|Any CPU
		{43C3A488-83E9-492D-9E54-6BDCB9EA7970}.Release|x86.ActiveCfg = Release|Any CPU
		{43C3A488-83E9-492D-9E54-6BDCB9EA7970}.Release|x86.Build.0 = Release|Any CPU
		{DC8EA81C-73FB-46A3-AC2B-5FBA54FB86EF}.Debug|Any CPU.ActiveCfg = Debug|Any CPU
		{DC8EA81C-73FB-46A3-AC2B-5FBA54FB86EF}.Debug|Any CPU.Build.0 = Debug|Any CPU
		{DC8EA81C-73FB-46A3-AC2B-5FBA54FB86EF}.Debug|x64.ActiveCfg = Debug|Any CPU
		{DC8EA81C-73FB-46A3-AC2B-5FBA54FB86EF}.Debug|x64.Build.0 = Debug|Any CPU
		{DC8EA81C-73FB-46A3-AC2B-5FBA54FB86EF}.Debug|x86.ActiveCfg = Debug|Any CPU
		{DC8EA81C-73FB-46A3-AC2B-5FBA54FB86EF}.Debug|x86.Build.0 = Debug|Any CPU
		{DC8EA81C-73FB-46A3-AC2B-5FBA54FB86EF}.Release|Any CPU.ActiveCfg = Release|Any CPU
		{DC8EA81C-73FB-46A3-AC2B-5FBA54FB86EF}.Release|Any CPU.Build.0 = Release|Any CPU
		{DC8EA81C-73FB-46A3-AC2B-5FBA54FB86EF}.Release|x64.ActiveCfg = Release|Any CPU
		{DC8EA81C-73FB-46A3-AC2B-5FBA54FB86EF}.Release|x64.Build.0 = Release|Any CPU
		{DC8EA81C-73FB-46A3-AC2B-5FBA54FB86EF}.Release|x86.ActiveCfg = Release|Any CPU
		{DC8EA81C-73FB-46A3-AC2B-5FBA54FB86EF}.Release|x86.Build.0 = Release|Any CPU
		{ACEF1AEF-8CF3-4C7E-8902-A9619F380568}.Debug|Any CPU.ActiveCfg = Debug|Any CPU
		{ACEF1AEF-8CF3-4C7E-8902-A9619F380568}.Debug|Any CPU.Build.0 = Debug|Any CPU
		{ACEF1AEF-8CF3-4C7E-8902-A9619F380568}.Debug|x64.ActiveCfg = Debug|Any CPU
		{ACEF1AEF-8CF3-4C7E-8902-A9619F380568}.Debug|x64.Build.0 = Debug|Any CPU
		{ACEF1AEF-8CF3-4C7E-8902-A9619F380568}.Debug|x86.ActiveCfg = Debug|Any CPU
		{ACEF1AEF-8CF3-4C7E-8902-A9619F380568}.Debug|x86.Build.0 = Debug|Any CPU
		{ACEF1AEF-8CF3-4C7E-8902-A9619F380568}.Release|Any CPU.ActiveCfg = Release|Any CPU
		{ACEF1AEF-8CF3-4C7E-8902-A9619F380568}.Release|Any CPU.Build.0 = Release|Any CPU
		{ACEF1AEF-8CF3-4C7E-8902-A9619F380568}.Release|x64.ActiveCfg = Release|Any CPU
		{ACEF1AEF-8CF3-4C7E-8902-A9619F380568}.Release|x64.Build.0 = Release|Any CPU
		{ACEF1AEF-8CF3-4C7E-8902-A9619F380568}.Release|x86.ActiveCfg = Release|Any CPU
		{ACEF1AEF-8CF3-4C7E-8902-A9619F380568}.Release|x86.Build.0 = Release|Any CPU
		{83C01DA2-24EE-41F5-B7E9-D48EC47ADB80}.Debug|Any CPU.ActiveCfg = Debug|Any CPU
		{83C01DA2-24EE-41F5-B7E9-D48EC47ADB80}.Debug|Any CPU.Build.0 = Debug|Any CPU
		{83C01DA2-24EE-41F5-B7E9-D48EC47ADB80}.Debug|x64.ActiveCfg = Debug|Any CPU
		{83C01DA2-24EE-41F5-B7E9-D48EC47ADB80}.Debug|x64.Build.0 = Debug|Any CPU
		{83C01DA2-24EE-41F5-B7E9-D48EC47ADB80}.Debug|x86.ActiveCfg = Debug|Any CPU
		{83C01DA2-24EE-41F5-B7E9-D48EC47ADB80}.Debug|x86.Build.0 = Debug|Any CPU
		{83C01DA2-24EE-41F5-B7E9-D48EC47ADB80}.Release|Any CPU.ActiveCfg = Release|Any CPU
		{83C01DA2-24EE-41F5-B7E9-D48EC47ADB80}.Release|Any CPU.Build.0 = Release|Any CPU
		{83C01DA2-24EE-41F5-B7E9-D48EC47ADB80}.Release|x64.ActiveCfg = Release|Any CPU
		{83C01DA2-24EE-41F5-B7E9-D48EC47ADB80}.Release|x64.Build.0 = Release|Any CPU
		{83C01DA2-24EE-41F5-B7E9-D48EC47ADB80}.Release|x86.ActiveCfg = Release|Any CPU
		{83C01DA2-24EE-41F5-B7E9-D48EC47ADB80}.Release|x86.Build.0 = Release|Any CPU
	EndGlobalSection
	GlobalSection(SolutionProperties) = preSolution
		HideSolutionNode = FALSE
	EndGlobalSection
	GlobalSection(NestedProjects) = preSolution
		{F6DDADD9-63CD-4144-B6F5-DB7092C304E7} = {827E0CD3-B72D-47B6-A68D-7590B98EB39B}
		{91112B8F-4418-4546-8218-472A437D4993} = {827E0CD3-B72D-47B6-A68D-7590B98EB39B}
		{6C2E5416-3160-4823-A593-08BA0A75A878} = {0AB3BF05-4346-4AA6-1389-037BE0695223}
		{91B20D58-269A-47D2-A9D8-83B9BA67D85E} = {827E0CD3-B72D-47B6-A68D-7590B98EB39B}
		{1F778E32-EB41-4D9C-9B47-1E1067EC76ED} = {827E0CD3-B72D-47B6-A68D-7590B98EB39B}
		{7EC3928D-EB97-4A4C-920C-7097E68A992F} = {827E0CD3-B72D-47B6-A68D-7590B98EB39B}
		{302456EA-3D7A-42B2-B032-ED6AE8E3E5E2} = {0AB3BF05-4346-4AA6-1389-037BE0695223}
		{C8D9803C-72D8-44F5-B035-0D0EA3945FC5} = {827E0CD3-B72D-47B6-A68D-7590B98EB39B}
		{F858C588-CB09-4E96-B423-FFD6A193EBF1} = {0AB3BF05-4346-4AA6-1389-037BE0695223}
		{43C3A488-83E9-492D-9E54-6BDCB9EA7970} = {827E0CD3-B72D-47B6-A68D-7590B98EB39B}
		{DC8EA81C-73FB-46A3-AC2B-5FBA54FB86EF} = {0AB3BF05-4346-4AA6-1389-037BE0695223}
		{ACEF1AEF-8CF3-4C7E-8902-A9619F380568} = {827E0CD3-B72D-47B6-A68D-7590B98EB39B}
		{83C01DA2-24EE-41F5-B7E9-D48EC47ADB80} = {0AB3BF05-4346-4AA6-1389-037BE0695223}
	EndGlobalSection
	GlobalSection(ExtensibilityGlobals) = postSolution
		SolutionGuid = {AD9FC599-3AB0-4558-84FE-643FAFDDA3E0}
	EndGlobalSection
EndGlobal
